<?xml version="1.0" encoding="utf-8"?>
<Project ToolsVersion="4.0" xmlns="http://schemas.microsoft.com/developer/msbuild/2003">
  <ItemGroup>
    <Filter Include="Source">
      <UniqueIdentifier>{5343def9-1cb4-4b17-893d-ebac67f5edef}</UniqueIdentifier>
    </Filter>
    <Filter Include="Source\lib">
      <UniqueIdentifier>{699bdfb0-5042-45f4-8f84-3b8e3d016957}</UniqueIdentifier>
    </Filter>
    <Filter Include="Source\lib\SDK">
      <UniqueIdentifier>{42ca7d4a-168e-4700-b993-96a881d558eb}</UniqueIdentifier>
    </Filter>
    <Filter Include="Source\lib\INI">
      <UniqueIdentifier>{687c7f48-94c1-42a1-a78f-afaea548f1a9}</UniqueIdentifier>
    </Filter>
    <Filter Include="Source\lib\SDK\amx">
      <UniqueIdentifier>{4bb2e275-b22a-43c4-a716-9f50b10ddda1}</UniqueIdentifier>
    </Filter>
  </ItemGroup>
  <ItemGroup>
    <ClInclude Include="Source\functions.h">
      <Filter>Source</Filter>
    </ClInclude>
    <ClInclude Include="Source\main.h">
      <Filter>Source</Filter>
    </ClInclude>
    <ClInclude Include="Source\pawn_hook.h">
      <Filter>Source</Filter>
    </ClInclude>
    <ClInclude Include="Source\constants.h">
      <Filter>Source</Filter>
    </ClInclude>
    <ClInclude Include="Source\structures.h">
      <Filter>Source</Filter>
    </ClInclude>
    <ClInclude Include="Source\headers.h">
      <Filter>Source</Filter>
    </ClInclude>
    <ClInclude Include="Source\addresses.h">
      <Filter>Source</Filter>
    </ClInclude>
    <ClInclude Include="Source\lib\INI\ini.h">
      <Filter>Source\lib\INI</Filter>
    </ClInclude>
    <ClInclude Include="Source\lib\INI\INIReader.h">
      <Filter>Source\lib\INI</Filter>
    </ClInclude>
    <ClInclude Include="Source\lib\SDK\plugincommon.h">
      <Filter>Source\lib\SDK</Filter>
    </ClInclude>
    <ClInclude Include="Source\lib\SDK\amx\amx.h">
      <Filter>Source\lib\SDK\amx</Filter>
    </ClInclude>
    <ClInclude Include="Source\lib\SDK\amx\sclinux.h">
      <Filter>Source\lib\SDK\amx</Filter>
    </ClInclude>
  </ItemGroup>
  <ItemGroup>
    <ClCompile Include="Source\main.cpp">
      <Filter>Source</Filter>
    </ClCompile>
    <ClCompile Include="Source\pawn_hook.cpp">
      <Filter>Source</Filter>
    </ClCompile>
    <ClCompile Include="Source\functions.cpp">
      <Filter>Source</Filter>
    </ClCompile>
    <ClCompile Include="Source\addresses.cpp">
      <Filter>Source</Filter>
    </ClCompile>
    <ClCompile Include="Source\structures.cpp">
      <Filter>Source</Filter>
    </ClCompile>
    <ClCompile Include="Source\lib\INI\ini.cpp">
      <Filter>Source\lib\INI</Filter>
    </ClCompile>
    <ClCompile Include="Source\lib\INI\INIReader.cpp">
      <Filter>Source\lib\INI</Filter>
    </ClCompile>
    <ClCompile Include="Source\lib\SDK\amxplugin.cpp">
      <Filter>Source\lib\SDK</Filter>
    </ClCompile>
  </ItemGroup>
  <ItemGroup>
    <None Include="Source\ASAN.def">
      <Filter>Source</Filter>
    </None>
    <None Include="Source\makefile">
      <Filter>Source</Filter>
    </None>
  </ItemGroup>
</Project>